// !$*UTF8*$!
{
	archiveVersion = 1;
	classes = {
	};
	objectVersion = 46;
	objects = {

/* Begin PBXBuildFile section */
		0B33408E19D13D800045C5C1 /* main.m in Sources */ = {isa = PBXBuildFile; fileRef = 0B33408D19D13D800045C5C1 /* main.m */; };
		0B33409119D13D800045C5C1 /* AppDelegate.m in Sources */ = {isa = PBXBuildFile; fileRef = 0B33409019D13D800045C5C1 /* AppDelegate.m */; };
		0B33409419D13D800045C5C1 /* ViewController.m in Sources */ = {isa = PBXBuildFile; fileRef = 0B33409319D13D800045C5C1 /* ViewController.m */; };
		0B33409719D13D800045C5C1 /* Main.storyboard in Resources */ = {isa = PBXBuildFile; fileRef = 0B33409519D13D800045C5C1 /* Main.storyboard */; };
		0B33409919D13D800045C5C1 /* Images.xcassets in Resources */ = {isa = PBXBuildFile; fileRef = 0B33409819D13D800045C5C1 /* Images.xcassets */; };
		0B33409C19D13D800045C5C1 /* LaunchScreen.xib in Resources */ = {isa = PBXBuildFile; fileRef = 0B33409A19D13D800045C5C1 /* LaunchScreen.xib */; };
		0B3340A819D13D800045C5C1 /* YUNetworkingTests.m in Sources */ = {isa = PBXBuildFile; fileRef = 0B3340A719D13D800045C5C1 /* YUNetworkingTests.m */; };
		0B3340BE19D13EE10045C5C1 /* AFHTTPRequestOperation.m in Sources */ = {isa = PBXBuildFile; fileRef = 0B3340B319D13EE10045C5C1 /* AFHTTPRequestOperation.m */; };
		0B3340BF19D13EE10045C5C1 /* AFNetworkReachabilityManager.m in Sources */ = {isa = PBXBuildFile; fileRef = 0B3340B519D13EE10045C5C1 /* AFNetworkReachabilityManager.m */; };
		0B3340C019D13EE10045C5C1 /* AFSecurityPolicy.m in Sources */ = {isa = PBXBuildFile; fileRef = 0B3340B719D13EE10045C5C1 /* AFSecurityPolicy.m */; };
		0B3340C119D13EE10045C5C1 /* AFURLConnectionOperation.m in Sources */ = {isa = PBXBuildFile; fileRef = 0B3340B919D13EE10045C5C1 /* AFURLConnectionOperation.m */; };
		0B3340C219D13EE10045C5C1 /* AFURLRequestSerialization.m in Sources */ = {isa = PBXBuildFile; fileRef = 0B3340BB19D13EE10045C5C1 /* AFURLRequestSerialization.m */; };
		0B3340C319D13EE10045C5C1 /* AFURLResponseSerialization.m in Sources */ = {isa = PBXBuildFile; fileRef = 0B3340BD19D13EE10045C5C1 /* AFURLResponseSerialization.m */; };
		0B3340C719D15A370045C5C1 /* YUNetworking.m in Sources */ = {isa = PBXBuildFile; fileRef = 0B3340C619D15A370045C5C1 /* YUNetworking.m */; };
		0B3340CD19D167770045C5C1 /* YUNetworkEntity.m in Sources */ = {isa = PBXBuildFile; fileRef = 0B3340CC19D167770045C5C1 /* YUNetworkEntity.m */; };
		0B74409119D2B02B00CE87FB /* UINetLogListViewController.m in Sources */ = {isa = PBXBuildFile; fileRef = 0B74409019D2B02B00CE87FB /* UINetLogListViewController.m */; };
		0B74409419D2B03A00CE87FB /* UINetLogDetailViewController.m in Sources */ = {isa = PBXBuildFile; fileRef = 0B74409319D2B03A00CE87FB /* UINetLogDetailViewController.m */; };
/* End PBXBuildFile section */

/* Begin PBXContainerItemProxy section */
		0B3340A219D13D800045C5C1 /* PBXContainerItemProxy */ = {
			isa = PBXContainerItemProxy;
			containerPortal = 0B33408019D13D800045C5C1 /* Project object */;
			proxyType = 1;
			remoteGlobalIDString = 0B33408719D13D800045C5C1;
			remoteInfo = YUNetworking;
		};
/* End PBXContainerItemProxy section */

/* Begin PBXFileReference section */
		0B33408819D13D800045C5C1 /* YUNetworking.app */ = {isa = PBXFileReference; explicitFileType = wrapper.application; includeInIndex = 0; path = YUNetworking.app; sourceTree = BUILT_PRODUCTS_DIR; };
		0B33408C19D13D800045C5C1 /* Info.plist */ = {isa = PBXFileReference; lastKnownFileType = text.plist.xml; path = Info.plist; sourceTree = "<group>"; };
		0B33408D19D13D800045C5C1 /* main.m */ = {isa = PBXFileReference; lastKnownFileType = sourcecode.c.objc; path = main.m; sourceTree = "<group>"; };
		0B33408F19D13D800045C5C1 /* AppDelegate.h */ = {isa = PBXFileReference; lastKnownFileType = sourcecode.c.h; path = AppDelegate.h; sourceTree = "<group>"; };
		0B33409019D13D800045C5C1 /* AppDelegate.m */ = {isa = PBXFileReference; lastKnownFileType = sourcecode.c.objc; path = AppDelegate.m; sourceTree = "<group>"; };
		0B33409219D13D800045C5C1 /* ViewController.h */ = {isa = PBXFileReference; lastKnownFileType = sourcecode.c.h; path = ViewController.h; sourceTree = "<group>"; };
		0B33409319D13D800045C5C1 /* ViewController.m */ = {isa = PBXFileReference; lastKnownFileType = sourcecode.c.objc; path = ViewController.m; sourceTree = "<group>"; };
		0B33409619D13D800045C5C1 /* Base */ = {isa = PBXFileReference; lastKnownFileType = file.storyboard; name = Base; path = Base.lproj/Main.storyboard; sourceTree = "<group>"; };
		0B33409819D13D800045C5C1 /* Images.xcassets */ = {isa = PBXFileReference; lastKnownFileType = folder.assetcatalog; path = Images.xcassets; sourceTree = "<group>"; };
		0B33409B19D13D800045C5C1 /* Base */ = {isa = PBXFileReference; lastKnownFileType = file.xib; name = Base; path = Base.lproj/LaunchScreen.xib; sourceTree = "<group>"; };
		0B3340A119D13D800045C5C1 /* YUNetworkingTests.xctest */ = {isa = PBXFileReference; explicitFileType = wrapper.cfbundle; includeInIndex = 0; path = YUNetworkingTests.xctest; sourceTree = BUILT_PRODUCTS_DIR; };
		0B3340A619D13D800045C5C1 /* Info.plist */ = {isa = PBXFileReference; lastKnownFileType = text.plist.xml; path = Info.plist; sourceTree = "<group>"; };
		0B3340A719D13D800045C5C1 /* YUNetworkingTests.m */ = {isa = PBXFileReference; lastKnownFileType = sourcecode.c.objc; path = YUNetworkingTests.m; sourceTree = "<group>"; };
		0B3340B219D13EE10045C5C1 /* AFHTTPRequestOperation.h */ = {isa = PBXFileReference; fileEncoding = 4; lastKnownFileType = sourcecode.c.h; path = AFHTTPRequestOperation.h; sourceTree = "<group>"; };
		0B3340B319D13EE10045C5C1 /* AFHTTPRequestOperation.m */ = {isa = PBXFileReference; fileEncoding = 4; lastKnownFileType = sourcecode.c.objc; path = AFHTTPRequestOperation.m; sourceTree = "<group>"; };
		0B3340B419D13EE10045C5C1 /* AFNetworkReachabilityManager.h */ = {isa = PBXFileReference; fileEncoding = 4; lastKnownFileType = sourcecode.c.h; path = AFNetworkReachabilityManager.h; sourceTree = "<group>"; };
		0B3340B519D13EE10045C5C1 /* AFNetworkReachabilityManager.m */ = {isa = PBXFileReference; fileEncoding = 4; lastKnownFileType = sourcecode.c.objc; path = AFNetworkReachabilityManager.m; sourceTree = "<group>"; };
		0B3340B619D13EE10045C5C1 /* AFSecurityPolicy.h */ = {isa = PBXFileReference; fileEncoding = 4; lastKnownFileType = sourcecode.c.h; path = AFSecurityPolicy.h; sourceTree = "<group>"; };
		0B3340B719D13EE10045C5C1 /* AFSecurityPolicy.m */ = {isa = PBXFileReference; fileEncoding = 4; lastKnownFileType = sourcecode.c.objc; path = AFSecurityPolicy.m; sourceTree = "<group>"; };
		0B3340B819D13EE10045C5C1 /* AFURLConnectionOperation.h */ = {isa = PBXFileReference; fileEncoding = 4; lastKnownFileType = sourcecode.c.h; path = AFURLConnectionOperation.h; sourceTree = "<group>"; };
		0B3340B919D13EE10045C5C1 /* AFURLConnectionOperation.m */ = {isa = PBXFileReference; fileEncoding = 4; lastKnownFileType = sourcecode.c.objc; path = AFURLConnectionOperation.m; sourceTree = "<group>"; };
		0B3340BA19D13EE10045C5C1 /* AFURLRequestSerialization.h */ = {isa = PBXFileReference; fileEncoding = 4; lastKnownFileType = sourcecode.c.h; path = AFURLRequestSerialization.h; sourceTree = "<group>"; };
		0B3340BB19D13EE10045C5C1 /* AFURLRequestSerialization.m */ = {isa = PBXFileReference; fileEncoding = 4; lastKnownFileType = sourcecode.c.objc; path = AFURLRequestSerialization.m; sourceTree = "<group>"; };
		0B3340BC19D13EE10045C5C1 /* AFURLResponseSerialization.h */ = {isa = PBXFileReference; fileEncoding = 4; lastKnownFileType = sourcecode.c.h; path = AFURLResponseSerialization.h; sourceTree = "<group>"; };
		0B3340BD19D13EE10045C5C1 /* AFURLResponseSerialization.m */ = {isa = PBXFileReference; fileEncoding = 4; lastKnownFileType = sourcecode.c.objc; path = AFURLResponseSerialization.m; sourceTree = "<group>"; };
		0B3340C519D15A370045C5C1 /* YUNetworking.h */ = {isa = PBXFileReference; fileEncoding = 4; lastKnownFileType = sourcecode.c.h; path = YUNetworking.h; sourceTree = "<group>"; };
		0B3340C619D15A370045C5C1 /* YUNetworking.m */ = {isa = PBXFileReference; fileEncoding = 4; lastKnownFileType = sourcecode.c.objc; path = YUNetworking.m; sourceTree = "<group>"; };
		0B3340CB19D167770045C5C1 /* YUNetworkEntity.h */ = {isa = PBXFileReference; fileEncoding = 4; lastKnownFileType = sourcecode.c.h; path = YUNetworkEntity.h; sourceTree = "<group>"; };
		0B3340CC19D167770045C5C1 /* YUNetworkEntity.m */ = {isa = PBXFileReference; fileEncoding = 4; lastKnownFileType = sourcecode.c.objc; path = YUNetworkEntity.m; sourceTree = "<group>"; };
		0B74408F19D2B02B00CE87FB /* UINetLogListViewController.h */ = {isa = PBXFileReference; fileEncoding = 4; lastKnownFileType = sourcecode.c.h; path = UINetLogListViewController.h; sourceTree = "<group>"; };
		0B74409019D2B02B00CE87FB /* UINetLogListViewController.m */ = {isa = PBXFileReference; fileEncoding = 4; lastKnownFileType = sourcecode.c.objc; path = UINetLogListViewController.m; sourceTree = "<group>"; };
		0B74409219D2B03A00CE87FB /* UINetLogDetailViewController.h */ = {isa = PBXFileReference; fileEncoding = 4; lastKnownFileType = sourcecode.c.h; path = UINetLogDetailViewController.h; sourceTree = "<group>"; };
		0B74409319D2B03A00CE87FB /* UINetLogDetailViewController.m */ = {isa = PBXFileReference; fileEncoding = 4; lastKnownFileType = sourcecode.c.objc; path = UINetLogDetailViewController.m; sourceTree = "<group>"; };
/* End PBXFileReference section */

/* Begin PBXFrameworksBuildPhase section */
		0B33408519D13D800045C5C1 /* Frameworks */ = {
			isa = PBXFrameworksBuildPhase;
			buildActionMask = 2147483647;
			files = (
			);
			runOnlyForDeploymentPostprocessing = 0;
		};
		0B33409E19D13D800045C5C1 /* Frameworks */ = {
			isa = PBXFrameworksBuildPhase;
			buildActionMask = 2147483647;
			files = (
			);
			runOnlyForDeploymentPostprocessing = 0;
		};
/* End PBXFrameworksBuildPhase section */

/* Begin PBXGroup section */
		0B33407F19D13D800045C5C1 = {
			isa = PBXGroup;
			children = (
				0B33408A19D13D800045C5C1 /* YUNetworking */,
				0B3340A419D13D800045C5C1 /* YUNetworkingTests */,
				0B33408919D13D800045C5C1 /* Products */,
			);
			sourceTree = "<group>";
		};
		0B33408919D13D800045C5C1 /* Products */ = {
			isa = PBXGroup;
			children = (
				0B33408819D13D800045C5C1 /* YUNetworking.app */,
				0B3340A119D13D800045C5C1 /* YUNetworkingTests.xctest */,
			);
			name = Products;
			sourceTree = "<group>";
		};
		0B33408A19D13D800045C5C1 /* YUNetworking */ = {
			isa = PBXGroup;
			children = (
				0B3340C419D155130045C5C1 /* Classes */,
				0B3340B119D13EE10045C5C1 /* AFNetworking */,
				0B33408F19D13D800045C5C1 /* AppDelegate.h */,
				0B33409019D13D800045C5C1 /* AppDelegate.m */,
				0B33409219D13D800045C5C1 /* ViewController.h */,
				0B33409319D13D800045C5C1 /* ViewController.m */,
				0B33409519D13D800045C5C1 /* Main.storyboard */,
				0B33409819D13D800045C5C1 /* Images.xcassets */,
				0B33409A19D13D800045C5C1 /* LaunchScreen.xib */,
				0B33408B19D13D800045C5C1 /* Supporting Files */,
			);
			path = YUNetworking;
			sourceTree = "<group>";
		};
		0B33408B19D13D800045C5C1 /* Supporting Files */ = {
			isa = PBXGroup;
			children = (
				0B33408C19D13D800045C5C1 /* Info.plist */,
				0B33408D19D13D800045C5C1 /* main.m */,
			);
			name = "Supporting Files";
			sourceTree = "<group>";
		};
		0B3340A419D13D800045C5C1 /* YUNetworkingTests */ = {
			isa = PBXGroup;
			children = (
				0B3340A719D13D800045C5C1 /* YUNetworkingTests.m */,
				0B3340A519D13D800045C5C1 /* Supporting Files */,
			);
			path = YUNetworkingTests;
			sourceTree = "<group>";
		};
		0B3340A519D13D800045C5C1 /* Supporting Files */ = {
			isa = PBXGroup;
			children = (
				0B3340A619D13D800045C5C1 /* Info.plist */,
			);
			name = "Supporting Files";
			sourceTree = "<group>";
		};
		0B3340B119D13EE10045C5C1 /* AFNetworking */ = {
			isa = PBXGroup;
			children = (
				0B3340B219D13EE10045C5C1 /* AFHTTPRequestOperation.h */,
				0B3340B319D13EE10045C5C1 /* AFHTTPRequestOperation.m */,
				0B3340B419D13EE10045C5C1 /* AFNetworkReachabilityManager.h */,
				0B3340B519D13EE10045C5C1 /* AFNetworkReachabilityManager.m */,
				0B3340B619D13EE10045C5C1 /* AFSecurityPolicy.h */,
				0B3340B719D13EE10045C5C1 /* AFSecurityPolicy.m */,
				0B3340B819D13EE10045C5C1 /* AFURLConnectionOperation.h */,
				0B3340B919D13EE10045C5C1 /* AFURLConnectionOperation.m */,
				0B3340BA19D13EE10045C5C1 /* AFURLRequestSerialization.h */,
				0B3340BB19D13EE10045C5C1 /* AFURLRequestSerialization.m */,
				0B3340BC19D13EE10045C5C1 /* AFURLResponseSerialization.h */,
				0B3340BD19D13EE10045C5C1 /* AFURLResponseSerialization.m */,
			);
			path = AFNetworking;
			sourceTree = "<group>";
		};
		0B3340C419D155130045C5C1 /* Classes */ = {
			isa = PBXGroup;
			children = (
				0B3340C519D15A370045C5C1 /* YUNetworking.h */,
				0B3340C619D15A370045C5C1 /* YUNetworking.m */,
				0B3340CB19D167770045C5C1 /* YUNetworkEntity.h */,
				0B3340CC19D167770045C5C1 /* YUNetworkEntity.m */,
				0B74408F19D2B02B00CE87FB /* UINetLogListViewController.h */,
				0B74409019D2B02B00CE87FB /* UINetLogListViewController.m */,
				0B74409219D2B03A00CE87FB /* UINetLogDetailViewController.h */,
				0B74409319D2B03A00CE87FB /* UINetLogDetailViewController.m */,
			);
			path = Classes;
			sourceTree = "<group>";
		};
/* End PBXGroup section */

/* Begin PBXNativeTarget section */
		0B33408719D13D800045C5C1 /* YUNetworking */ = {
			isa = PBXNativeTarget;
			buildConfigurationList = 0B3340AB19D13D800045C5C1 /* Build configuration list for PBXNativeTarget "YUNetworking" */;
			buildPhases = (
				0B33408419D13D800045C5C1 /* Sources */,
				0B33408519D13D800045C5C1 /* Frameworks */,
				0B33408619D13D800045C5C1 /* Resources */,
			);
			buildRules = (
			);
			dependencies = (
			);
			name = YUNetworking;
			productName = YUNetworking;
			productReference = 0B33408819D13D800045C5C1 /* YUNetworking.app */;
			productType = "com.apple.product-type.application";
		};
		0B3340A019D13D800045C5C1 /* YUNetworkingTests */ = {
			isa = PBXNativeTarget;
			buildConfigurationList = 0B3340AE19D13D800045C5C1 /* Build configuration list for PBXNativeTarget "YUNetworkingTests" */;
			buildPhases = (
				0B33409D19D13D800045C5C1 /* Sources */,
				0B33409E19D13D800045C5C1 /* Frameworks */,
				0B33409F19D13D800045C5C1 /* Resources */,
			);
			buildRules = (
			);
			dependencies = (
				0B3340A319D13D800045C5C1 /* PBXTargetDependency */,
			);
			name = YUNetworkingTests;
			productName = YUNetworkingTests;
			productReference = 0B3340A119D13D800045C5C1 /* YUNetworkingTests.xctest */;
			productType = "com.apple.product-type.bundle.unit-test";
		};
/* End PBXNativeTarget section */

/* Begin PBXProject section */
		0B33408019D13D800045C5C1 /* Project object */ = {
			isa = PBXProject;
			attributes = {
				LastUpgradeCheck = 0600;
				ORGANIZATIONNAME = duan;
				TargetAttributes = {
					0B33408719D13D800045C5C1 = {
						CreatedOnToolsVersion = 6.0.1;
					};
					0B3340A019D13D800045C5C1 = {
						CreatedOnToolsVersion = 6.0.1;
						TestTargetID = 0B33408719D13D800045C5C1;
					};
				};
			};
			buildConfigurationList = 0B33408319D13D800045C5C1 /* Build configuration list for PBXProject "YUNetworking" */;
			compatibilityVersion = "Xcode 3.2";
			developmentRegion = English;
			hasScannedForEncodings = 0;
			knownRegions = (
				en,
				Base,
			);
			mainGroup = 0B33407F19D13D800045C5C1;
			productRefGroup = 0B33408919D13D800045C5C1 /* Products */;
			projectDirPath = "";
			projectRoot = "";
			targets = (
				0B33408719D13D800045C5C1 /* YUNetworking */,
				0B3340A019D13D800045C5C1 /* YUNetworkingTests */,
			);
		};
/* End PBXProject section */

/* Begin PBXResourcesBuildPhase section */
		0B33408619D13D800045C5C1 /* Resources */ = {
			isa = PBXResourcesBuildPhase;
			buildActionMask = 2147483647;
			files = (
				0B33409719D13D800045C5C1 /* Main.storyboard in Resources */,
				0B33409C19D13D800045C5C1 /* LaunchScreen.xib in Resources */,
				0B33409919D13D800045C5C1 /* Images.xcassets in Resources */,
			);
			runOnlyForDeploymentPostprocessing = 0;
		};
		0B33409F19D13D800045C5C1 /* Resources */ = {
			isa = PBXResourcesBuildPhase;
			buildActionMask = 2147483647;
			files = (
			);
			runOnlyForDeploymentPostprocessing = 0;
		};
/* End PBXResourcesBuildPhase section */

/* Begin PBXSourcesBuildPhase section */
		0B33408419D13D800045C5C1 /* Sources */ = {
			isa = PBXSourcesBuildPhase;
			buildActionMask = 2147483647;
			files = (
				0B3340C119D13EE10045C5C1 /* AFURLConnectionOperation.m in Sources */,
				0B3340C319D13EE10045C5C1 /* AFURLResponseSerialization.m in Sources */,
				0B3340BE19D13EE10045C5C1 /* AFHTTPRequestOperation.m in Sources */,
				0B33409419D13D800045C5C1 /* ViewController.m in Sources */,
				0B74409419D2B03A00CE87FB /* UINetLogDetailViewController.m in Sources */,
				0B3340BF19D13EE10045C5C1 /* AFNetworkReachabilityManager.m in Sources */,
				0B33409119D13D800045C5C1 /* AppDelegate.m in Sources */,
				0B3340C019D13EE10045C5C1 /* AFSecurityPolicy.m in Sources */,
				0B3340C719D15A370045C5C1 /* YUNetworking.m in Sources */,
				0B33408E19D13D800045C5C1 /* main.m in Sources */,
				0B74409119D2B02B00CE87FB /* UINetLogListViewController.m in Sources */,
				0B3340CD19D167770045C5C1 /* YUNetworkEntity.m in Sources */,
				0B3340C219D13EE10045C5C1 /* AFURLRequestSerialization.m in Sources */,
			);
			runOnlyForDeploymentPostprocessing = 0;
		};
		0B33409D19D13D800045C5C1 /* Sources */ = {
			isa = PBXSourcesBuildPhase;
			buildActionMask = 2147483647;
			files = (
				0B3340A819D13D800045C5C1 /* YUNetworkingTests.m in Sources */,
			);
			runOnlyForDeploymentPostprocessing = 0;
		};
/* End PBXSourcesBuildPhase section */

/* Begin PBXTargetDependency section */
		0B3340A319D13D800045C5C1 /* PBXTargetDependency */ = {
			isa = PBXTargetDependency;
			target = 0B33408719D13D800045C5C1 /* YUNetworking */;
			targetProxy = 0B3340A219D13D800045C5C1 /* PBXContainerItemProxy */;
		};
/* End PBXTargetDependency section */

/* Begin PBXVariantGroup section */
		0B33409519D13D800045C5C1 /* Main.storyboard */ = {
			isa = PBXVariantGroup;
			children = (
				0B33409619D13D800045C5C1 /* Base */,
			);
			name = Main.storyboard;
			sourceTree = "<group>";
		};
		0B33409A19D13D800045C5C1 /* LaunchScreen.xib */ = {
			isa = PBXVariantGroup;
			children = (
				0B33409B19D13D800045C5C1 /* Base */,
			);
			name = LaunchScreen.xib;
			sourceTree = "<group>";
		};
/* End PBXVariantGroup section */

/* Begin XCBuildConfiguration section */
		0B3340A919D13D800045C5C1 /* Debug */ = {
			isa = XCBuildConfiguration;
			buildSettings = {
				ALWAYS_SEARCH_USER_PATHS = NO;
				CLANG_CXX_LANGUAGE_STANDARD = "gnu++0x";
				CLANG_CXX_LIBRARY = "libc++";
				CLANG_ENABLE_MODULES = YES;
				CLANG_ENABLE_OBJC_ARC = YES;
				CLANG_WARN_BOOL_CONVERSION = YES;
				CLANG_WARN_CONSTANT_CONVERSION = YES;
				CLANG_WARN_DIRECT_OBJC_ISA_USAGE = YES_ERROR;
				CLANG_WARN_EMPTY_BODY = YES;
				CLANG_WARN_ENUM_CONVERSION = YES;
				CLANG_WARN_INT_CONVERSION = YES;
				CLANG_WARN_OBJC_ROOT_CLASS = YES_ERROR;
				CLANG_WARN_UNREACHABLE_CODE = YES;
				CLANG_WARN__DUPLICATE_METHOD_MATCH = YES;
				"CODE_SIGN_IDENTITY[sdk=iphoneos*]" = "iPhone Developer";
				COPY_PHASE_STRIP = NO;
				ENABLE_STRICT_OBJC_MSGSEND = YES;
				GCC_C_LANGUAGE_STANDARD = gnu99;
				GCC_DYNAMIC_NO_PIC = NO;
				GCC_OPTIMIZATION_LEVEL = 0;
				GCC_PREPROCESSOR_DEFINITIONS = (
					"DEBUG=1",
					"$(inherited)",
				);
				GCC_SYMBOLS_PRIVATE_EXTERN = NO;
				GCC_WARN_64_TO_32_BIT_CONVERSION = YES;
				GCC_WARN_ABOUT_RETURN_TYPE = YES_ERROR;
				GCC_WARN_UNDECLARED_SELECTOR = YES;
				GCC_WARN_UNINITIALIZED_AUTOS = YES_AGGRESSIVE;
				GCC_WARN_UNUSED_FUNCTION = YES;
				GCC_WARN_UNUSED_VARIABLE = YES;
				IPHONEOS_DEPLOYMENT_TARGET = 8.0;
				MTL_ENABLE_DEBUG_INFO = YES;
				ONLY_ACTIVE_ARCH = YES;
				SDKROOT = iphoneos;
			};
			name = Debug;
		};
		0B3340AA19D13D800045C5C1 /* Release */ = {
			isa = XCBuildConfiguration;
			buildSettings = {
				ALWAYS_SEARCH_USER_PATHS = NO;
				CLANG_CXX_LANGUAGE_STANDARD = "gnu++0x";
				CLANG_CXX_LIBRARY = "libc++";
				CLANG_ENABLE_MODULES = YES;
				CLANG_ENABLE_OBJC_ARC = YES;
				CLANG_WARN_BOOL_CONVERSION = YES;
				CLANG_WARN_CONSTANT_CONVERSION = YES;
				CLANG_WARN_DIRECT_OBJC_ISA_USAGE = YES_ERROR;
				CLANG_WARN_EMPTY_BODY = YES;
				CLANG_WARN_ENUM_CONVERSION = YES;
				CLANG_WARN_INT_CONVERSION = YES;
				CLANG_WARN_OBJC_ROOT_CLASS = YES_ERROR;
				CLANG_WARN_UNREACHABLE_CODE = YES;
				CLANG_WARN__DUPLICATE_METHOD_MATCH = YES;
				"CODE_SIGN_IDENTITY[sdk=iphoneos*]" = "iPhone Developer";
				COPY_PHASE_STRIP = YES;
				ENABLE_NS_ASSERTIONS = NO;
				ENABLE_STRICT_OBJC_MSGSEND = YES;
				GCC_C_LANGUAGE_STANDARD = gnu99;
				GCC_WARN_64_TO_32_BIT_CONVERSION = YES;
				GCC_WARN_ABOUT_RETURN_TYPE = YES_ERROR;
				GCC_WARN_UNDECLARED_SELECTOR = YES;
				GCC_WARN_UNINITIALIZED_AUTOS = YES_AGGRESSIVE;
				GCC_WARN_UNUSED_FUNCTION = YES;
				GCC_WARN_UNUSED_VARIABLE = YES;
				IPHONEOS_DEPLOYMENT_TARGET = 8.0;
				MTL_ENABLE_DEBUG_INFO = NO;
				SDKROOT = iphoneos;
				VALIDATE_PRODUCT = YES;
			};
			name = Release;
		};
		0B3340AC19D13D800045C5C1 /* Debug */ = {
			isa = XCBuildConfiguration;
			buildSettings = {
				ASSETCATALOG_COMPILER_APPICON_NAME = AppIcon;
				INFOPLIST_FILE = YUNetworking/Info.plist;
				LD_RUNPATH_SEARCH_PATHS = "$(inherited) @executable_path/Frameworks";
				PRODUCT_NAME = "$(TARGET_NAME)";
			};
			name = Debug;
		};
		0B3340AD19D13D800045C5C1 /* Release */ = {
			isa = XCBuildConfiguration;
			buildSettings = {
				ASSETCATALOG_COMPILER_APPICON_NAME = AppIcon;
				INFOPLIST_FILE = YUNetworking/Info.plist;
				LD_RUNPATH_SEARCH_PATHS = "$(inherited) @executable_path/Frameworks";
				PRODUCT_NAME = "$(TARGET_NAME)";
			};
			name = Release;
		};
		0B3340AF19D13D800045C5C1 /* Debug */ = {
			isa = XCBuildConfiguration;
			buildSettings = {
				BUNDLE_LOADER = "$(TEST_HOST)";
				FRAMEWORK_SEARCH_PATHS = (
					"$(SDKROOT)/Developer/Library/Frameworks",
					"$(inherited)",
				);
				GCC_PREPROCESSOR_DEFINITIONS = (
					"DEBUG=1",
					"$(inherited)",
				);
				INFOPLIST_FILE = YUNetworkingTests/Info.plist;
				LD_RUNPATH_SEARCH_PATHS = "$(inherited) @executable_path/Frameworks @loader_path/Frameworks";
				PRODUCT_NAME = "$(TARGET_NAME)";
				TEST_HOST = "$(BUILT_PRODUCTS_DIR)/YUNetworking.app/YUNetworking";
			};
			name = Debug;
		};
		0B3340B019D13D800045C5C1 /* Release */ = {
			isa = XCBuildConfiguration;
			buildSettings = {
				BUNDLE_LOADER = "$(TEST_HOST)";
				FRAMEWORK_SEARCH_PATHS = (
					"$(SDKROOT)/Developer/Library/Frameworks",
					"$(inherited)",
				);
				INFOPLIST_FILE = YUNetworkingTests/Info.plist;
				LD_RUNPATH_SEARCH_PATHS = "$(inherited) @executable_path/Frameworks @loader_path/Frameworks";
				PRODUCT_NAME = "$(TARGET_NAME)";
				TEST_HOST = "$(BUILT_PRODUCTS_DIR)/YUNetworking.app/YUNetworking";
			};
			name = Release;
		};
/* End XCBuildConfiguration section */

/* Begin XCConfigurationList section */
		0B33408319D13D800045C5C1 /* Build configuration list for PBXProject "YUNetworking" */ = {
			isa = XCConfigurationList;
			buildConfigurations = (
				0B3340A919D13D800045C5C1 /* Debug */,
				0B3340AA19D13D800045C5C1 /* Release */,
			);
			defaultConfigurationIsVisible = 0;
			defaultConfigurationName = Release;
		};
		0B3340AB19D13D800045C5C1 /* Build configuration list for PBXNativeTarget "YUNetworking" */ = {
			isa = XCConfigurationList;
			buildConfigurations = (
				0B3340AC19D13D800045C5C1 /* Debug */,
				0B3340AD19D13D800045C5C1 /* Release */,
			);
			defaultConfigurationIsVisible = 0;
			defaultConfigurationName = Release;
		};
		0B3340AE19D13D800045C5C1 /* Build configuration list for PBXNativeTarget "YUNetworkingTests" */ = {
			isa = XCConfigurationList;
			buildConfigurations = (
				0B3340AF19D13D800045C5C1 /* Debug */,
				0B3340B019D13D800045C5C1 /* Release */,
			);
			defaultConfigurationIsVisible = 0;
			defaultConfigurationName = Release;
		};
/* End XCConfigurationList section */
	};
	rootObject = 0B33408019D13D800045C5C1 /* Project object */;
}
